<?xml version="1.0" encoding="utf-8"?>
<Project ToolsVersion="4.0" xmlns="http://schemas.microsoft.com/developer/msbuild/2003">
  <ItemGroup>
    <Filter Include="源文件">
      <UniqueIdentifier>{4FC737F1-C7A5-4376-A066-2A32D752A2FF}</UniqueIdentifier>
      <Extensions>cpp;c;cc;cxx;c++;cppm;ixx;def;odl;idl;hpj;bat;asm;asmx</Extensions>
    </Filter>
    <Filter Include="头文件">
      <UniqueIdentifier>{93995380-89BD-4b04-88EB-625FBE52EBFB}</UniqueIdentifier>
      <Extensions>h;hh;hpp;hxx;h++;hm;inl;inc;ipp;xsd</Extensions>
    </Filter>
    <Filter Include="资源文件">
      <UniqueIdentifier>{67DA6AB6-F800-4c08-8B7A-83BB121AAD01}</UniqueIdentifier>
      <Extensions>rc;ico;cur;bmp;dlg;rc2;rct;bin;rgs;gif;jpg;jpeg;jpe;resx;tiff;tif;png;wav;mfcribbon-ms</Extensions>
    </Filter>
  </ItemGroup>
  <ItemGroup>
    <ClCompile Include="pseudolocalize.cpp">
      <Filter>源文件</Filter>
    </ClCompile>
    <ClCompile Include="Res.cpp">
      <Filter>源文件</Filter>
    </ClCompile>
    <ClCompile Include="AccelRes.cpp">
      <Filter>源文件</Filter>
    </ClCompile>
    <ClCompile Include="DialogRes.cpp">
      <Filter>源文件</Filter>
    </ClCompile>
    <ClCompile Include="DlgInitRes.cpp">
      <Filter>源文件</Filter>
    </ClCompile>
    <ClCompile Include="IconRes.cpp">
      <Filter>源文件</Filter>
    </ClCompile>
    <ClCompile Include="PackedDIB.cpp">
      <Filter>源文件</Filter>
    </ClCompile>
    <ClCompile Include="ToolbarRes.cpp">
      <Filter>源文件</Filter>
    </ClCompile>
    <ClCompile Include="ResToText.cpp">
      <Filter>源文件</Filter>
    </ClCompile>
    <ClCompile Include="StringRes.cpp">
      <Filter>源文件</Filter>
    </ClCompile>
    <ClCompile Include="MenuRes.cpp">
      <Filter>源文件</Filter>
    </ClCompile>
    <ClCompile Include="VersionRes.cpp">
      <Filter>源文件</Filter>
    </ClCompile>
    <ClCompile Include="ResEdit.cpp">
      <Filter>源文件</Filter>
    </ClCompile>
    <ClCompile Include="pseudo.cpp">
      <Filter>源文件</Filter>
    </ClCompile>
    <ClCompile Include="pseudo_utf8.cpp">
      <Filter>源文件</Filter>
    </ClCompile>
    <ClCompile Include="mcdx.cpp">
      <Filter>源文件</Filter>
    </ClCompile>
    <ClCompile Include="Xml.cpp">
      <Filter>源文件</Filter>
    </ClCompile>
    <ClCompile Include="prires.cpp">
      <Filter>源文件</Filter>
    </ClCompile>
    <ClCompile Include="base64.cpp">
      <Filter>源文件</Filter>
    </ClCompile>
  </ItemGroup>
  <ItemGroup>
    <ClInclude Include="Res.hpp">
      <Filter>头文件</Filter>
    </ClInclude>
    <ClInclude Include="AccelRes.hpp">
      <Filter>头文件</Filter>
    </ClInclude>
    <ClInclude Include="Common.hpp">
      <Filter>头文件</Filter>
    </ClInclude>
    <ClInclude Include="ConstantsDB.hpp">
      <Filter>头文件</Filter>
    </ClInclude>
    <ClInclude Include="DialogRes.hpp">
      <Filter>头文件</Filter>
    </ClInclude>
    <ClInclude Include="DlgInitRes.hpp">
      <Filter>头文件</Filter>
    </ClInclude>
    <ClInclude Include="IconRes.hpp">
      <Filter>头文件</Filter>
    </ClInclude>
    <ClInclude Include="MacroParser.hpp">
      <Filter>头文件</Filter>
    </ClInclude>
    <ClInclude Include="MProcessMaker.hpp">
      <Filter>头文件</Filter>
    </ClInclude>
    <ClInclude Include="PackedDIB.hpp">
      <Filter>头文件</Filter>
    </ClInclude>
    <ClInclude Include="MByteStream.hpp">
      <Filter>头文件</Filter>
    </ClInclude>
    <ClInclude Include="MByteStreamEx.hpp">
      <Filter>头文件</Filter>
    </ClInclude>
    <ClInclude Include="MString.hpp">
      <Filter>头文件</Filter>
    </ClInclude>
    <ClInclude Include="MIdOrString.hpp">
      <Filter>头文件</Filter>
    </ClInclude>
    <ClInclude Include="MTextToText.hpp">
      <Filter>头文件</Filter>
    </ClInclude>
    <ClInclude Include="pstdint.h">
      <Filter>头文件</Filter>
    </ClInclude>
    <ClInclude Include="MFile.hpp">
      <Filter>头文件</Filter>
    </ClInclude>
    <ClInclude Include="DlgInit.h">
      <Filter>头文件</Filter>
    </ClInclude>
    <ClInclude Include="ResHeader.hpp">
      <Filter>头文件</Filter>
    </ClInclude>
    <ClInclude Include="Toolbar.h">
      <Filter>头文件</Filter>
    </ClInclude>
    <ClInclude Include="ToolbarRes.hpp">
      <Filter>头文件</Filter>
    </ClInclude>
    <ClInclude Include="MBitmapDx.hpp">
      <Filter>头文件</Filter>
    </ClInclude>
    <ClInclude Include="RisohSettings.hpp">
      <Filter>头文件</Filter>
    </ClInclude>
    <ClInclude Include="MWindowBase.hpp">
      <Filter>头文件</Filter>
    </ClInclude>
    <ClInclude Include="ResToText.hpp">
      <Filter>头文件</Filter>
    </ClInclude>
    <ClInclude Include="StringRes.hpp">
      <Filter>头文件</Filter>
    </ClInclude>
    <ClInclude Include="MenuRes.hpp">
      <Filter>头文件</Filter>
    </ClInclude>
    <ClInclude Include="MessageRes.hpp">
      <Filter>头文件</Filter>
    </ClInclude>
    <ClInclude Include="VersionRes.hpp">
      <Filter>头文件</Filter>
    </ClInclude>
    <ClInclude Include="librc.h">
      <Filter>头文件</Filter>
    </ClInclude>
    <ClInclude Include="pseudo.h">
      <Filter>头文件</Filter>
    </ClInclude>
    <ClInclude Include="resource.h">
      <Filter>头文件</Filter>
    </ClInclude>
    <ClInclude Include="mcdx.h">
      <Filter>头文件</Filter>
    </ClInclude>
    <ClInclude Include="xml.h">
      <Filter>头文件</Filter>
    </ClInclude>
    <ClInclude Include="prires.h">
      <Filter>头文件</Filter>
    </ClInclude>
    <ClInclude Include="base64.h">
      <Filter>头文件</Filter>
    </ClInclude>
  </ItemGroup>
</Project>